// !$*UTF8*$!
{
	archiveVersion = 1;
	classes = {
	};
	objectVersion = 50;
	objects = {

/* Begin PBXBuildFile section */
		921FB5C823CDC085008A8297 /* AppDelegate.swift in Sources */ = {isa = PBXBuildFile; fileRef = 921FB5C723CDC085008A8297 /* AppDelegate.swift */; };
		921FB5CA23CDC085008A8297 /* ViewController.swift in Sources */ = {isa = PBXBuildFile; fileRef = 921FB5C923CDC085008A8297 /* ViewController.swift */; };
		921FB5CD23CDC085008A8297 /* Main.storyboard in Resources */ = {isa = PBXBuildFile; fileRef = 921FB5CB23CDC085008A8297 /* Main.storyboard */; };
		921FB5CF23CDC086008A8297 /* Assets.xcassets in Resources */ = {isa = PBXBuildFile; fileRef = 921FB5CE23CDC086008A8297 /* Assets.xcassets */; };
		921FB5D223CDC086008A8297 /* LaunchScreen.storyboard in Resources */ = {isa = PBXBuildFile; fileRef = 921FB5D023CDC086008A8297 /* LaunchScreen.storyboard */; };
		921FB5DD23CDC087008A8297 /* Carthage_IOSTests.swift in Sources */ = {isa = PBXBuildFile; fileRef = 921FB5DC23CDC087008A8297 /* Carthage_IOSTests.swift */; };
		924515CB23CF137F00F9B59D /* Alamofire.framework in Frameworks */ = {isa = PBXBuildFile; fileRef = 924515CA23CF137F00F9B59D /* Alamofire.framework */; };
/* End PBXBuildFile section */

/* Begin PBXContainerItemProxy section */
		921FB5D923CDC087008A8297 /* PBXContainerItemProxy */ = {
			isa = PBXContainerItemProxy;
			containerPortal = 921FB5BC23CDC085008A8297 /* Project object */;
			proxyType = 1;
			remoteGlobalIDString = 921FB5C323CDC085008A8297;
			remoteInfo = "Carthage IOS";
		};
/* End PBXContainerItemProxy section */

/* Begin PBXFileReference section */
		921FB5C423CDC085008A8297 /* Carthage IOS.app */ = {isa = PBXFileReference; explicitFileType = wrapper.application; includeInIndex = 0; path = "Carthage IOS.app"; sourceTree = BUILT_PRODUCTS_DIR; };
		921FB5C723CDC085008A8297 /* AppDelegate.swift */ = {isa = PBXFileReference; lastKnownFileType = sourcecode.swift; path = AppDelegate.swift; sourceTree = "<group>"; };
		921FB5C923CDC085008A8297 /* ViewController.swift */ = {isa = PBXFileReference; lastKnownFileType = sourcecode.swift; path = ViewController.swift; sourceTree = "<group>"; };
		921FB5CC23CDC085008A8297 /* Base */ = {isa = PBXFileReference; lastKnownFileType = file.storyboard; name = Base; path = Base.lproj/Main.storyboard; sourceTree = "<group>"; };
		921FB5CE23CDC086008A8297 /* Assets.xcassets */ = {isa = PBXFileReference; lastKnownFileType = folder.assetcatalog; path = Assets.xcassets; sourceTree = "<group>"; };
		921FB5D123CDC086008A8297 /* Base */ = {isa = PBXFileReference; lastKnownFileType = file.storyboard; name = Base; path = Base.lproj/LaunchScreen.storyboard; sourceTree = "<group>"; };
		921FB5D323CDC086008A8297 /* Info.plist */ = {isa = PBXFileReference; lastKnownFileType = text.plist.xml; path = Info.plist; sourceTree = "<group>"; };
		921FB5D823CDC087008A8297 /* Carthage IOSTests.xctest */ = {isa = PBXFileReference; explicitFileType = wrapper.cfbundle; includeInIndex = 0; path = "Carthage IOSTests.xctest"; sourceTree = BUILT_PRODUCTS_DIR; };
		921FB5DC23CDC087008A8297 /* Carthage_IOSTests.swift */ = {isa = PBXFileReference; lastKnownFileType = sourcecode.swift; path = Carthage_IOSTests.swift; sourceTree = "<group>"; };
		921FB5DE23CDC087008A8297 /* Info.plist */ = {isa = PBXFileReference; lastKnownFileType = text.plist.xml; path = Info.plist; sourceTree = "<group>"; };
		924515CA23CF137F00F9B59D /* Alamofire.framework */ = {isa = PBXFileReference; lastKnownFileType = wrapper.framework; name = Alamofire.framework; path = Carthage/Build/iOS/Alamofire.framework; sourceTree = "<group>"; };
/* End PBXFileReference section */

/* Begin PBXFrameworksBuildPhase section */
		921FB5C123CDC085008A8297 /* Frameworks */ = {
			isa = PBXFrameworksBuildPhase;
			buildActionMask = 2147483647;
			files = (
				924515CB23CF137F00F9B59D /* Alamofire.framework in Frameworks */,
			);
			runOnlyForDeploymentPostprocessing = 0;
		};
		921FB5D523CDC087008A8297 /* Frameworks */ = {
			isa = PBXFrameworksBuildPhase;
			buildActionMask = 2147483647;
			files = (
			);
			runOnlyForDeploymentPostprocessing = 0;
		};
/* End PBXFrameworksBuildPhase section */

/* Begin PBXGroup section */
		921FB5BB23CDC085008A8297 = {
			isa = PBXGroup;
			children = (
				921FB5C623CDC085008A8297 /* Carthage IOS */,
				921FB5DB23CDC087008A8297 /* Carthage IOSTests */,
				921FB5C523CDC085008A8297 /* Products */,
				924515C923CF137F00F9B59D /* Frameworks */,
			);
			sourceTree = "<group>";
		};
		921FB5C523CDC085008A8297 /* Products */ = {
			isa = PBXGroup;
			children = (
				921FB5C423CDC085008A8297 /* Carthage IOS.app */,
				921FB5D823CDC087008A8297 /* Carthage IOSTests.xctest */,
			);
			name = Products;
			sourceTree = "<group>";
		};
		921FB5C623CDC085008A8297 /* Carthage IOS */ = {
			isa = PBXGroup;
			children = (
				921FB5C723CDC085008A8297 /* AppDelegate.swift */,
				921FB5C923CDC085008A8297 /* ViewController.swift */,
				921FB5CB23CDC085008A8297 /* Main.storyboard */,
				921FB5CE23CDC086008A8297 /* Assets.xcassets */,
				921FB5D023CDC086008A8297 /* LaunchScreen.storyboard */,
				921FB5D323CDC086008A8297 /* Info.plist */,
			);
			path = "Carthage IOS";
			sourceTree = "<group>";
		};
		921FB5DB23CDC087008A8297 /* Carthage IOSTests */ = {
			isa = PBXGroup;
			children = (
				921FB5DC23CDC087008A8297 /* Carthage_IOSTests.swift */,
				921FB5DE23CDC087008A8297 /* Info.plist */,
			);
			path = "Carthage IOSTests";
			sourceTree = "<group>";
		};
		924515C923CF137F00F9B59D /* Frameworks */ = {
			isa = PBXGroup;
			children = (
				924515CA23CF137F00F9B59D /* Alamofire.framework */,
			);
			name = Frameworks;
			sourceTree = "<group>";
		};
/* End PBXGroup section */

/* Begin PBXNativeTarget section */
		921FB5C323CDC085008A8297 /* Carthage IOS */ = {
			isa = PBXNativeTarget;
			buildConfigurationList = 921FB5E123CDC087008A8297 /* Build configuration list for PBXNativeTarget "Carthage IOS" */;
			buildPhases = (
				921FB5C023CDC085008A8297 /* Sources */,
				921FB5C123CDC085008A8297 /* Frameworks */,
				921FB5C223CDC085008A8297 /* Resources */,
			);
			buildRules = (
			);
			dependencies = (
			);
			name = "Carthage IOS";
			productName = "Carthage IOS";
			productReference = 921FB5C423CDC085008A8297 /* Carthage IOS.app */;
			productType = "com.apple.product-type.application";
		};
		921FB5D723CDC087008A8297 /* Carthage IOSTests */ = {
			isa = PBXNativeTarget;
			buildConfigurationList = 921FB5E423CDC087008A8297 /* Build configuration list for PBXNativeTarget "Carthage IOSTests" */;
			buildPhases = (
				921FB5D423CDC087008A8297 /* Sources */,
				921FB5D523CDC087008A8297 /* Frameworks */,
				921FB5D623CDC087008A8297 /* Resources */,
			);
			buildRules = (
			);
			dependencies = (
				921FB5DA23CDC087008A8297 /* PBXTargetDependency */,
			);
			name = "Carthage IOSTests";
			productName = "Carthage IOSTests";
			productReference = 921FB5D823CDC087008A8297 /* Carthage IOSTests.xctest */;
			productType = "com.apple.product-type.bundle.unit-test";
		};
/* End PBXNativeTarget section */

/* Begin PBXProject section */
		921FB5BC23CDC085008A8297 /* Project object */ = {
			isa = PBXProject;
			attributes = {
				LastSwiftUpdateCheck = 1000;
				LastUpgradeCheck = 1000;
				ORGANIZATIONNAME = "Sabbir Hossain";
				TargetAttributes = {
					921FB5C323CDC085008A8297 = {
						CreatedOnToolsVersion = 10.0;
					};
					921FB5D723CDC087008A8297 = {
						CreatedOnToolsVersion = 10.0;
						TestTargetID = 921FB5C323CDC085008A8297;
					};
				};
			};
			buildConfigurationList = 921FB5BF23CDC085008A8297 /* Build configuration list for PBXProject "Carthage IOS" */;
			compatibilityVersion = "Xcode 9.3";
			developmentRegion = en;
			hasScannedForEncodings = 0;
			knownRegions = (
				en,
				Base,
			);
			mainGroup = 921FB5BB23CDC085008A8297;
			productRefGroup = 921FB5C523CDC085008A8297 /* Products */;
			projectDirPath = "";
			projectRoot = "";
			targets = (
				921FB5C323CDC085008A8297 /* Carthage IOS */,
				921FB5D723CDC087008A8297 /* Carthage IOSTests */,
			);
		};
/* End PBXProject section */

/* Begin PBXResourcesBuildPhase section */
		921FB5C223CDC085008A8297 /* Resources */ = {
			isa = PBXResourcesBuildPhase;
			buildActionMask = 2147483647;
			files = (
				921FB5D223CDC086008A8297 /* LaunchScreen.storyboard in Resources */,
				921FB5CF23CDC086008A8297 /* Assets.xcassets in Resources */,
				921FB5CD23CDC085008A8297 /* Main.storyboard in Resources */,
			);
			runOnlyForDeploymentPostprocessing = 0;
		};
		921FB5D623CDC087008A8297 /* Resources */ = {
			isa = PBXResourcesBuildPhase;
			buildActionMask = 2147483647;
			files = (
			);
			runOnlyForDeploymentPostprocessing = 0;
		};
/* End PBXResourcesBuildPhase section */

/* Begin PBXSourcesBuildPhase section */
		921FB5C023CDC085008A8297 /* Sources */ = {
			isa = PBXSourcesBuildPhase;
			buildActionMask = 2147483647;
			files = (
				921FB5CA23CDC085008A8297 /* ViewController.swift in Sources */,
				921FB5C823CDC085008A8297 /* AppDelegate.swift in Sources */,
			);
			runOnlyForDeploymentPostprocessing = 0;
		};
		921FB5D423CDC087008A8297 /* Sources */ = {
			isa = PBXSourcesBuildPhase;
			buildActionMask = 2147483647;
			files = (
				921FB5DD23CDC087008A8297 /* Carthage_IOSTests.swift in Sources */,
			);
			runOnlyForDeploymentPostprocessing = 0;
		};
/* End PBXSourcesBuildPhase section */

/* Begin PBXTargetDependency section */
		921FB5DA23CDC087008A8297 /* PBXTargetDependency */ = {
			isa = PBXTargetDependency;
			target = 921FB5C323CDC085008A8297 /* Carthage IOS */;
			targetProxy = 921FB5D923CDC087008A8297 /* PBXContainerItemProxy */;
		};
/* End PBXTargetDependency section */

/* Begin PBXVariantGroup section */
		921FB5CB23CDC085008A8297 /* Main.storyboard */ = {
			isa = PBXVariantGroup;
			children = (
				921FB5CC23CDC085008A8297 /* Base */,
			);
			name = Main.storyboard;
			sourceTree = "<group>";
		};
		921FB5D023CDC086008A8297 /* LaunchScreen.storyboard */ = {
			isa = PBXVariantGroup;
			children = (
				921FB5D123CDC086008A8297 /* Base */,
			);
			name = LaunchScreen.storyboard;
			sourceTree = "<group>";
		};
/* End PBXVariantGroup section */

/* Begin XCBuildConfiguration section */
		921FB5DF23CDC087008A8297 /* Debug */ = {
			isa = XCBuildConfiguration;
			buildSettings = {
				ALWAYS_SEARCH_USER_PATHS = NO;
				CLANG_ANALYZER_NONNULL = YES;
				CLANG_ANALYZER_NUMBER_OBJECT_CONVERSION = YES_AGGRESSIVE;
				CLANG_CXX_LANGUAGE_STANDARD = "gnu++14";
				CLANG_CXX_LIBRARY = "libc++";
				CLANG_ENABLE_MODULES = YES;
				CLANG_ENABLE_OBJC_ARC = YES;
				CLANG_ENABLE_OBJC_WEAK = YES;
				CLANG_WARN_BLOCK_CAPTURE_AUTORELEASING = YES;
				CLANG_WARN_BOOL_CONVERSION = YES;
				CLANG_WARN_COMMA = YES;
				CLANG_WARN_CONSTANT_CONVERSION = YES;
				CLANG_WARN_DEPRECATED_OBJC_IMPLEMENTATIONS = YES;
				CLANG_WARN_DIRECT_OBJC_ISA_USAGE = YES_ERROR;
				CLANG_WARN_DOCUMENTATION_COMMENTS = YES;
				CLANG_WARN_EMPTY_BODY = YES;
				CLANG_WARN_ENUM_CONVERSION = YES;
				CLANG_WARN_INFINITE_RECURSION = YES;
				CLANG_WARN_INT_CONVERSION = YES;
				CLANG_WARN_NON_LITERAL_NULL_CONVERSION = YES;
				CLANG_WARN_OBJC_IMPLICIT_RETAIN_SELF = YES;
				CLANG_WARN_OBJC_LITERAL_CONVERSION = YES;
				CLANG_WARN_OBJC_ROOT_CLASS = YES_ERROR;
				CLANG_WARN_RANGE_LOOP_ANALYSIS = YES;
				CLANG_WARN_STRICT_PROTOTYPES = YES;
				CLANG_WARN_SUSPICIOUS_MOVE = YES;
				CLANG_WARN_UNGUARDED_AVAILABILITY = YES_AGGRESSIVE;
				CLANG_WARN_UNREACHABLE_CODE = YES;
				CLANG_WARN__DUPLICATE_METHOD_MATCH = YES;
				CODE_SIGN_IDENTITY = "iPhone Developer";
				COPY_PHASE_STRIP = NO;
				DEBUG_INFORMATION_FORMAT = dwarf;
				ENABLE_STRICT_OBJC_MSGSEND = YES;
				ENABLE_TESTABILITY = YES;
				GCC_C_LANGUAGE_STANDARD = gnu11;
				GCC_DYNAMIC_NO_PIC = NO;
				GCC_NO_COMMON_BLOCKS = YES;
				GCC_OPTIMIZATION_LEVEL = 0;
				GCC_PREPROCESSOR_DEFINITIONS = (
					"DEBUG=1",
					"$(inherited)",
				);
				GCC_WARN_64_TO_32_BIT_CONVERSION = YES;
				GCC_WARN_ABOUT_RETURN_TYPE = YES_ERROR;
				GCC_WARN_UNDECLARED_SELECTOR = YES;
				GCC_WARN_UNINITIALIZED_AUTOS = YES_AGGRESSIVE;
				GCC_WARN_UNUSED_FUNCTION = YES;
				GCC_WARN_UNUSED_VARIABLE = YES;
				IPHONEOS_DEPLOYMENT_TARGET = 12.0;
				MTL_ENABLE_DEBUG_INFO = INCLUDE_SOURCE;
				MTL_FAST_MATH = YES;
				ONLY_ACTIVE_ARCH = YES;
				SDKROOT = iphoneos;
				SWIFT_ACTIVE_COMPILATION_CONDITIONS = DEBUG;
				SWIFT_OPTIMIZATION_LEVEL = "-Onone";
			};
			name = Debug;
		};
		921FB5E023CDC087008A8297 /* Release */ = {
			isa = XCBuildConfiguration;
			buildSettings = {
				ALWAYS_SEARCH_USER_PATHS = NO;
				CLANG_ANALYZER_NONNULL = YES;
				CLANG_ANALYZER_NUMBER_OBJECT_CONVERSION = YES_AGGRESSIVE;
				CLANG_CXX_LANGUAGE_STANDARD = "gnu++14";
				CLANG_CXX_LIBRARY = "libc++";
				CLANG_ENABLE_MODULES = YES;
				CLANG_ENABLE_OBJC_ARC = YES;
				CLANG_ENABLE_OBJC_WEAK = YES;
				CLANG_WARN_BLOCK_CAPTURE_AUTORELEASING = YES;
				CLANG_WARN_BOOL_CONVERSION = YES;
				CLANG_WARN_COMMA = YES;
				CLANG_WARN_CONSTANT_CONVERSION = YES;
				CLANG_WARN_DEPRECATED_OBJC_IMPLEMENTATIONS = YES;
				CLANG_WARN_DIRECT_OBJC_ISA_USAGE = YES_ERROR;
				CLANG_WARN_DOCUMENTATION_COMMENTS = YES;
				CLANG_WARN_EMPTY_BODY = YES;
				CLANG_WARN_ENUM_CONVERSION = YES;
				CLANG_WARN_INFINITE_RECURSION = YES;
				CLANG_WARN_INT_CONVERSION = YES;
				CLANG_WARN_NON_LITERAL_NULL_CONVERSION = YES;
				CLANG_WARN_OBJC_IMPLICIT_RETAIN_SELF = YES;
				CLANG_WARN_OBJC_LITERAL_CONVERSION = YES;
				CLANG_WARN_OBJC_ROOT_CLASS = YES_ERROR;
				CLANG_WARN_RANGE_LOOP_ANALYSIS = YES;
				CLANG_WARN_STRICT_PROTOTYPES = YES;
				CLANG_WARN_SUSPICIOUS_MOVE = YES;
				CLANG_WARN_UNGUARDED_AVAILABILITY = YES_AGGRESSIVE;
				CLANG_WARN_UNREACHABLE_CODE = YES;
				CLANG_WARN__DUPLICATE_METHOD_MATCH = YES;
				CODE_SIGN_IDENTITY = "iPhone Developer";
				COPY_PHASE_STRIP = NO;
				DEBUG_INFORMATION_FORMAT = "dwarf-with-dsym";
				ENABLE_NS_ASSERTIONS = NO;
				ENABLE_STRICT_OBJC_MSGSEND = YES;
				GCC_C_LANGUAGE_STANDARD = gnu11;
				GCC_NO_COMMON_BLOCKS = YES;
				GCC_WARN_64_TO_32_BIT_CONVERSION = YES;
				GCC_WARN_ABOUT_RETURN_TYPE = YES_ERROR;
				GCC_WARN_UNDECLARED_SELECTOR = YES;
				GCC_WARN_UNINITIALIZED_AUTOS = YES_AGGRESSIVE;
				GCC_WARN_UNUSED_FUNCTION = YES;
				GCC_WARN_UNUSED_VARIABLE = YES;
				IPHONEOS_DEPLOYMENT_TARGET = 12.0;
				MTL_ENABLE_DEBUG_INFO = NO;
				MTL_FAST_MATH = YES;
				SDKROOT = iphoneos;
				SWIFT_COMPILATION_MODE = wholemodule;
				SWIFT_OPTIMIZATION_LEVEL = "-O";
				VALIDATE_PRODUCT = YES;
			};
			name = Release;
		};
		921FB5E223CDC087008A8297 /* Debug */ = {
			isa = XCBuildConfiguration;
			buildSettings = {
				ASSETCATALOG_COMPILER_APPICON_NAME = AppIcon;
				CODE_SIGN_STYLE = Automatic;
				FRAMEWORK_SEARCH_PATHS = (
					"$(inherited)",
					"$(PROJECT_DIR)/Carthage/Build/iOS",
				);
				INFOPLIST_FILE = "Carthage IOS/Info.plist";
				LD_RUNPATH_SEARCH_PATHS = (
					"$(inherited)",
					"@executable_path/Frameworks",
				);
				PRODUCT_BUNDLE_IDENTIFIER = "com.sabbir.Carthage-IOS";
				PRODUCT_NAME = "$(TARGET_NAME)";
				SWIFT_VERSION = 4.2;
				TARGETED_DEVICE_FAMILY = "1,2";
			};
			name = Debug;
		};
		921FB5E323CDC087008A8297 /* Release */ = {
			isa = XCBuildConfiguration;
			buildSettings = {
				ASSETCATALOG_COMPILER_APPICON_NAME = AppIcon;
				CODE_SIGN_STYLE = Automatic;
				FRAMEWORK_SEARCH_PATHS = (
					"$(inherited)",
					"$(PROJECT_DIR)/Carthage/Build/iOS",
				);
				INFOPLIST_FILE = "Carthage IOS/Info.plist";
				LD_RUNPATH_SEARCH_PATHS = (
					"$(inherited)",
					"@executable_path/Frameworks",
				);
				PRODUCT_BUNDLE_IDENTIFIER = "com.sabbir.Carthage-IOS";
				PRODUCT_NAME = "$(TARGET_NAME)";
				SWIFT_VERSION = 4.2;
				TARGETED_DEVICE_FAMILY = "1,2";
			};
			name = Release;
		};
		921FB5E523CDC087008A8297 /* Debug */ = {
			isa = XCBuildConfiguration;
			buildSettings = {
				ALWAYS_EMBED_SWIFT_STANDARD_LIBRARIES = YES;
				BUNDLE_LOADER = "$(TEST_HOST)";
				CODE_SIGN_STYLE = Automatic;
				INFOPLIST_FILE = "Carthage IOSTests/Info.plist";
				LD_RUNPATH_SEARCH_PATHS = (
					"$(inherited)",
					"@executable_path/Frameworks",
					"@loader_path/Frameworks",
				);
				PRODUCT_BUNDLE_IDENTIFIER = "com.sabbir.Carthage-IOSTests";
				PRODUCT_NAME = "$(TARGET_NAME)";
				SWIFT_VERSION = 4.2;
				TARGETED_DEVICE_FAMILY = "1,2";
				TEST_HOST = "$(BUILT_PRODUCTS_DIR)/Carthage IOS.app/Carthage IOS";
			};
			name = Debug;
		};
		921FB5E623CDC087008A8297 /* Release */ = {
			isa = XCBuildConfiguration;
			buildSettings = {
				ALWAYS_EMBED_SWIFT_STANDARD_LIBRARIES = YES;
				BUNDLE_LOADER = "$(TEST_HOST)";
				CODE_SIGN_STYLE = Automatic;
				INFOPLIST_FILE = "Carthage IOSTests/Info.plist";
				LD_RUNPATH_SEARCH_PATHS = (
					"$(inherited)",
					"@executable_path/Frameworks",
					"@loader_path/Frameworks",
				);
				PRODUCT_BUNDLE_IDENTIFIER = "com.sabbir.Carthage-IOSTests";
				PRODUCT_NAME = "$(TARGET_NAME)";
				SWIFT_VERSION = 4.2;
				TARGETED_DEVICE_FAMILY = "1,2";
				TEST_HOST = "$(BUILT_PRODUCTS_DIR)/Carthage IOS.app/Carthage IOS";
			};
			name = Release;
		};
/* End XCBuildConfiguration section */

/* Begin XCConfigurationList section */
		921FB5BF23CDC085008A8297 /* Build configuration list for PBXProject "Carthage IOS" */ = {
			isa = XCConfigurationList;
			buildConfigurations = (
				921FB5DF23CDC087008A8297 /* Debug */,
				921FB5E023CDC087008A8297 /* Release */,
			);
			defaultConfigurationIsVisible = 0;
			defaultConfigurationName = Release;
		};
		921FB5E123CDC087008A8297 /* Build configuration list for PBXNativeTarget "Carthage IOS" */ = {
			isa = XCConfigurationList;
			buildConfigurations = (
				921FB5E223CDC087008A8297 /* Debug */,
				921FB5E323CDC087008A8297 /* Release */,
			);
			defaultConfigurationIsVisible = 0;
			defaultConfigurationName = Release;
		};
		921FB5E423CDC087008A8297 /* Build configuration list for PBXNativeTarget "Carthage IOSTests" */ = {
			isa = XCConfigurationList;
			buildConfigurations = (
				921FB5E523CDC087008A8297 /* Debug */,
				921FB5E623CDC087008A8297 /* Release */,
			);
			defaultConfigurationIsVisible = 0;
			defaultConfigurationName = Release;
		};
/* End XCConfigurationList section */
	};
	rootObject = 921FB5BC23CDC085008A8297 /* Project object */;
}
